// !$*UTF8*$!
{
	archiveVersion = 1;
	classes = {
	};
	objectVersion = 48;
	objects = {

/* Begin PBXBuildFile section */
		298DD5651FB2E0E700BBCE14 /* Home.storyboard in Resources */ = {isa = PBXBuildFile; fileRef = 298DD5641FB2E0E700BBCE14 /* Home.storyboard */; };
		298DD5671FB2E1D200BBCE14 /* Home_main.swift in Sources */ = {isa = PBXBuildFile; fileRef = 298DD5661FB2E1D200BBCE14 /* Home_main.swift */; };
		298DD5691FB2E1F100BBCE14 /* Home_detail.swift in Sources */ = {isa = PBXBuildFile; fileRef = 298DD5681FB2E1F100BBCE14 /* Home_detail.swift */; };
		84031D0B1FCD43B50058D437 /* MyPatient.storyboard in Resources */ = {isa = PBXBuildFile; fileRef = 84031D0A1FCD43B40058D437 /* MyPatient.storyboard */; };
		84031D0D1FCD44350058D437 /* BaseTableView.swift in Sources */ = {isa = PBXBuildFile; fileRef = 84031D0C1FCD44350058D437 /* BaseTableView.swift */; };
		84031D0F1FCD44450058D437 /* BaseCollectionView.swift in Sources */ = {isa = PBXBuildFile; fileRef = 84031D0E1FCD44440058D437 /* BaseCollectionView.swift */; };
		84031D111FCD44500058D437 /* MypatientTableViewCell.swift in Sources */ = {isa = PBXBuildFile; fileRef = 84031D101FCD444F0058D437 /* MypatientTableViewCell.swift */; };
		84031D131FCD4A2A0058D437 /* Mypatient_main.swift in Sources */ = {isa = PBXBuildFile; fileRef = 84031D121FCD4A2A0058D437 /* Mypatient_main.swift */; };
		84031D151FCD4A860058D437 /* Mypatient_page.swift in Sources */ = {isa = PBXBuildFile; fileRef = 84031D141FCD4A850058D437 /* Mypatient_page.swift */; };
		84031D1D1FD14BCE0058D437 /* BPushCerResource.bundle in Resources */ = {isa = PBXBuildFile; fileRef = 84031D1A1FD14BCE0058D437 /* BPushCerResource.bundle */; };
		84031D1E1FD14BCE0058D437 /* libBPush.a in Frameworks */ = {isa = PBXBuildFile; fileRef = 84031D1B1FD14BCE0058D437 /* libBPush.a */; };
		84031D1F1FD14BCE0058D437 /* test.caf in Resources */ = {isa = PBXBuildFile; fileRef = 84031D1C1FD14BCE0058D437 /* test.caf */; };
		840647441FA6A259009B21C4 /* AppDelegate.swift in Sources */ = {isa = PBXBuildFile; fileRef = 840647431FA6A259009B21C4 /* AppDelegate.swift */; };
		840647461FA6A259009B21C4 /* ViewController.swift in Sources */ = {isa = PBXBuildFile; fileRef = 840647451FA6A259009B21C4 /* ViewController.swift */; };
		840647491FA6A259009B21C4 /* Main.storyboard in Resources */ = {isa = PBXBuildFile; fileRef = 840647471FA6A259009B21C4 /* Main.storyboard */; };
		8406474E1FA6A259009B21C4 /* LaunchScreen.storyboard in Resources */ = {isa = PBXBuildFile; fileRef = 8406474C1FA6A259009B21C4 /* LaunchScreen.storyboard */; };
		8406475D1FA6A49D009B21C4 /* CustomButton.swift in Sources */ = {isa = PBXBuildFile; fileRef = 840647581FA6A49D009B21C4 /* CustomButton.swift */; };
		8406475E1FA6A49D009B21C4 /* BaseViewController.swift in Sources */ = {isa = PBXBuildFile; fileRef = 8406475A1FA6A49D009B21C4 /* BaseViewController.swift */; };
		8406475F1FA6A49D009B21C4 /* MainViewController.swift in Sources */ = {isa = PBXBuildFile; fileRef = 8406475B1FA6A49D009B21C4 /* MainViewController.swift */; };
		840647631FA6A4BD009B21C4 /* Util.swift in Sources */ = {isa = PBXBuildFile; fileRef = 840647601FA6A4BD009B21C4 /* Util.swift */; };
		840647641FA6A4BD009B21C4 /* API.swift in Sources */ = {isa = PBXBuildFile; fileRef = 840647611FA6A4BD009B21C4 /* API.swift */; };
		840647651FA6A4BD009B21C4 /* Extension.swift in Sources */ = {isa = PBXBuildFile; fileRef = 840647621FA6A4BD009B21C4 /* Extension.swift */; };
		8408B6F51FDAA7CA004403F4 /* Mine_info_one.swift in Sources */ = {isa = PBXBuildFile; fileRef = 8408B6ED1FDAA7C8004403F4 /* Mine_info_one.swift */; };
		8408B6F61FDAA7CA004403F4 /* Mine_info_photo.swift in Sources */ = {isa = PBXBuildFile; fileRef = 8408B6EE1FDAA7C8004403F4 /* Mine_info_photo.swift */; };
		8408B6F71FDAA7CA004403F4 /* Mine_info_two.swift in Sources */ = {isa = PBXBuildFile; fileRef = 8408B6EF1FDAA7C8004403F4 /* Mine_info_two.swift */; };
		8408B6FA1FDAA7CA004403F4 /* Mine_introduce_main.swift in Sources */ = {isa = PBXBuildFile; fileRef = 8408B6F21FDAA7C9004403F4 /* Mine_introduce_main.swift */; };
		8408B6FB1FDAA7CA004403F4 /* Mypatient_confirmOrder.swift in Sources */ = {isa = PBXBuildFile; fileRef = 8408B6F31FDAA7CA004403F4 /* Mypatient_confirmOrder.swift */; };
		8408B6FC1FDAA7CA004403F4 /* Date_main.swift in Sources */ = {isa = PBXBuildFile; fileRef = 8408B6F41FDAA7CA004403F4 /* Date_main.swift */; };
		8408B6FE1FDAC0A3004403F4 /* EditViewController.swift in Sources */ = {isa = PBXBuildFile; fileRef = 8408B6FD1FDAC0A2004403F4 /* EditViewController.swift */; };
		8408B7001FDAD698004403F4 /* SetDateViewController.swift in Sources */ = {isa = PBXBuildFile; fileRef = 8408B6FF1FDAD698004403F4 /* SetDateViewController.swift */; };
		84165C1B1FC2E4BF00F32DF5 /* Mine_main.swift in Sources */ = {isa = PBXBuildFile; fileRef = 84165C1A1FC2E4BF00F32DF5 /* Mine_main.swift */; };
		84165C1D1FC3043000F32DF5 /* tableViewController.swift in Sources */ = {isa = PBXBuildFile; fileRef = 84165C1C1FC3042F00F32DF5 /* tableViewController.swift */; };
		84165C1F1FC307D600F32DF5 /* Mine.storyboard in Resources */ = {isa = PBXBuildFile; fileRef = 84165C1E1FC307D600F32DF5 /* Mine.storyboard */; };
		842875B11FD267310004587B /* ChatViewController.swift in Sources */ = {isa = PBXBuildFile; fileRef = 842875B01FD267310004587B /* ChatViewController.swift */; };
		843E71E91FC70E4D00829CA4 /* ResetViewController.swift in Sources */ = {isa = PBXBuildFile; fileRef = 843E71E81FC70E4D00829CA4 /* ResetViewController.swift */; };
		847C137B1FD2ACB800B32BB7 /* AlipaySDK.bundle in Resources */ = {isa = PBXBuildFile; fileRef = 847C13791FD2ACB700B32BB7 /* AlipaySDK.bundle */; };
		847C137D1FD2ACE100B32BB7 /* AlipaySDK.framework in Frameworks */ = {isa = PBXBuildFile; fileRef = 847C137A1FD2ACB700B32BB7 /* AlipaySDK.framework */; };
		847C13811FD2ADEC00B32BB7 /* SystemConfiguration.framework in Frameworks */ = {isa = PBXBuildFile; fileRef = 847C13801FD2ADE600B32BB7 /* SystemConfiguration.framework */; };
		847C13831FD2AE6A00B32BB7 /* libc++.tbd in Frameworks */ = {isa = PBXBuildFile; fileRef = 847C13821FD2AE6A00B32BB7 /* libc++.tbd */; };
		847C13851FD2AE7C00B32BB7 /* libz.tbd in Frameworks */ = {isa = PBXBuildFile; fileRef = 847C13841FD2AE7C00B32BB7 /* libz.tbd */; };
		847C13871FD2AE9500B32BB7 /* CoreTelephony.framework in Frameworks */ = {isa = PBXBuildFile; fileRef = 847C13861FD2AE8F00B32BB7 /* CoreTelephony.framework */; };
		847C13891FD2AEA200B32BB7 /* QuartzCore.framework in Frameworks */ = {isa = PBXBuildFile; fileRef = 847C13881FD2AE9D00B32BB7 /* QuartzCore.framework */; };
		847C138B1FD2AEB300B32BB7 /* CoreText.framework in Frameworks */ = {isa = PBXBuildFile; fileRef = 847C138A1FD2AEAD00B32BB7 /* CoreText.framework */; };
		847C138D1FD2AEC400B32BB7 /* CoreGraphics.framework in Frameworks */ = {isa = PBXBuildFile; fileRef = 847C138C1FD2AEBD00B32BB7 /* CoreGraphics.framework */; };
		847C138F1FD2AED100B32BB7 /* UIKit.framework in Frameworks */ = {isa = PBXBuildFile; fileRef = 847C138E1FD2AECD00B32BB7 /* UIKit.framework */; };
		847C13911FD2AEE900B32BB7 /* Foundation.framework in Frameworks */ = {isa = PBXBuildFile; fileRef = 847C13901FD2AEE200B32BB7 /* Foundation.framework */; };
		847C13931FD2AEFB00B32BB7 /* CFNetwork.framework in Frameworks */ = {isa = PBXBuildFile; fileRef = 847C13921FD2AEF400B32BB7 /* CFNetwork.framework */; };
		847C13951FD2AF0F00B32BB7 /* CoreMotion.framework in Frameworks */ = {isa = PBXBuildFile; fileRef = 847C13941FD2AF0800B32BB7 /* CoreMotion.framework */; };
		8491A4A21FC45B84008A7D09 /* Mine_setting.swift in Sources */ = {isa = PBXBuildFile; fileRef = 8491A4A11FC45B84008A7D09 /* Mine_setting.swift */; };
		8491F3001FDBBA960061702C /* SetDateCollectionViewCell.swift in Sources */ = {isa = PBXBuildFile; fileRef = 8491F2FF1FDBBA960061702C /* SetDateCollectionViewCell.swift */; };
		8491F3021FDBE7A30061702C /* AddDateViewController.swift in Sources */ = {isa = PBXBuildFile; fileRef = 8491F3011FDBE7A30061702C /* AddDateViewController.swift */; };
		8491F3041FDC20640061702C /* Mine_historyOrder.swift in Sources */ = {isa = PBXBuildFile; fileRef = 8491F3031FDC20640061702C /* Mine_historyOrder.swift */; };
		8491F3071FDC26DD0061702C /* MinePocketCollectionViewCell.swift in Sources */ = {isa = PBXBuildFile; fileRef = 8491F3051FDC26DD0061702C /* MinePocketCollectionViewCell.swift */; };
		8491F3081FDC26DD0061702C /* MinePocketCollectionViewCell.xib in Resources */ = {isa = PBXBuildFile; fileRef = 8491F3061FDC26DD0061702C /* MinePocketCollectionViewCell.xib */; };
		8491F30B1FDCE08B0061702C /* InfoTableViewCell.swift in Sources */ = {isa = PBXBuildFile; fileRef = 8491F3091FDCE08B0061702C /* InfoTableViewCell.swift */; };
		8491F30C1FDCE08B0061702C /* InfoTableViewCell.xib in Resources */ = {isa = PBXBuildFile; fileRef = 8491F30A1FDCE08B0061702C /* InfoTableViewCell.xib */; };
		8491F30E1FDCE35D0061702C /* Mine_pocket_one.swift in Sources */ = {isa = PBXBuildFile; fileRef = 8491F30D1FDCE35D0061702C /* Mine_pocket_one.swift */; };
		8491F3101FDCE5350061702C /* Mine_pocket_two.swift in Sources */ = {isa = PBXBuildFile; fileRef = 8491F30F1FDCE5350061702C /* Mine_pocket_two.swift */; };
		8491F3121FDCF04B0061702C /* Mine_msg_main.swift in Sources */ = {isa = PBXBuildFile; fileRef = 8491F3111FDCF04B0061702C /* Mine_msg_main.swift */; };
		8496F8081FE60C3F0038D39E /* address.plist in Resources */ = {isa = PBXBuildFile; fileRef = 8496F8071FE60C3F0038D39E /* address.plist */; };
		84B730881FD4CBD3004A36B9 /* HomeMainTableViewCell.swift in Sources */ = {isa = PBXBuildFile; fileRef = 84B730871FD4CBD3004A36B9 /* HomeMainTableViewCell.swift */; };
		84B8EDEA1FDFAA5700E27B41 /* ConsultationTableViewCell.swift in Sources */ = {isa = PBXBuildFile; fileRef = 84B8EDE81FDFAA5700E27B41 /* ConsultationTableViewCell.swift */; };
		84B8EDEB1FDFAA5700E27B41 /* ConsultationTableViewCell.xib in Resources */ = {isa = PBXBuildFile; fileRef = 84B8EDE91FDFAA5700E27B41 /* ConsultationTableViewCell.xib */; };
		84B8EDEE1FDFB61B00E27B41 /* MyDateTableViewCell.swift in Sources */ = {isa = PBXBuildFile; fileRef = 84B8EDEC1FDFB61B00E27B41 /* MyDateTableViewCell.swift */; };
		84B8EDEF1FDFB61B00E27B41 /* MyDateTableViewCell.xib in Resources */ = {isa = PBXBuildFile; fileRef = 84B8EDED1FDFB61B00E27B41 /* MyDateTableViewCell.xib */; };
		84B8EDF11FDFC4A500E27B41 /* Date.storyboard in Resources */ = {isa = PBXBuildFile; fileRef = 84B8EDF01FDFC4A500E27B41 /* Date.storyboard */; };
		84B8EDF31FDFC51F00E27B41 /* Date_page.swift in Sources */ = {isa = PBXBuildFile; fileRef = 84B8EDF21FDFC51F00E27B41 /* Date_page.swift */; };
		84B8EDF51FDFEF8A00E27B41 /* Consultation_main.swift in Sources */ = {isa = PBXBuildFile; fileRef = 84B8EDF41FDFEF8A00E27B41 /* Consultation_main.swift */; };
		84B8EDF71FDFF1E400E27B41 /* Consultation_page.swift in Sources */ = {isa = PBXBuildFile; fileRef = 84B8EDF61FDFF1E400E27B41 /* Consultation_page.swift */; };
		84B8EDF91FDFF77D00E27B41 /* Consultation.storyboard in Resources */ = {isa = PBXBuildFile; fileRef = 84B8EDF81FDFF77C00E27B41 /* Consultation.storyboard */; };
		84B8EDFB1FDFFCF300E27B41 /* Consultation_confirmOrder.swift in Sources */ = {isa = PBXBuildFile; fileRef = 84B8EDFA1FDFFCF300E27B41 /* Consultation_confirmOrder.swift */; };
		84B8EDFE1FE0087600E27B41 /* MineAddHospitalTableViewCell.swift in Sources */ = {isa = PBXBuildFile; fileRef = 84B8EDFC1FE0087600E27B41 /* MineAddHospitalTableViewCell.swift */; };
		84B8EDFF1FE0087600E27B41 /* MineAddHospitalTableViewCell.xib in Resources */ = {isa = PBXBuildFile; fileRef = 84B8EDFD1FE0087600E27B41 /* MineAddHospitalTableViewCell.xib */; };
		84B8EE011FE011F700E27B41 /* AMapSearchAPI.swift in Sources */ = {isa = PBXBuildFile; fileRef = 84B8EE001FE011F700E27B41 /* AMapSearchAPI.swift */; };
		84B8EE031FE0162200E27B41 /* Mine_add_hospital.swift in Sources */ = {isa = PBXBuildFile; fileRef = 84B8EE021FE0162200E27B41 /* Mine_add_hospital.swift */; };
		84BB03B21FB2A66B006FBCAF /* ModelBean.swift in Sources */ = {isa = PBXBuildFile; fileRef = 84BB03B11FB2A66B006FBCAF /* ModelBean.swift */; };
		84BB03B41FB2A673006FBCAF /* BaseAPIBean.swift in Sources */ = {isa = PBXBuildFile; fileRef = 84BB03B31FB2A673006FBCAF /* BaseAPIBean.swift */; };
		84BB03C01FB2A8F2006FBCAF /* XLSegmentedSlideSwitch.m in Sources */ = {isa = PBXBuildFile; fileRef = 84BB03B81FB2A8F2006FBCAF /* XLSegmentedSlideSwitch.m */; };
		84BB03C11FB2A8F2006FBCAF /* XLSlideSegmented.m in Sources */ = {isa = PBXBuildFile; fileRef = 84BB03BA1FB2A8F2006FBCAF /* XLSlideSegmented.m */; };
		84BB03C21FB2A8F2006FBCAF /* XLSlideSegmentedItem.m in Sources */ = {isa = PBXBuildFile; fileRef = 84BB03BC1FB2A8F2006FBCAF /* XLSlideSegmentedItem.m */; };
		84BB03C31FB2A8F2006FBCAF /* XLSlideSwitch.m in Sources */ = {isa = PBXBuildFile; fileRef = 84BB03BE1FB2A8F2006FBCAF /* XLSlideSwitch.m */; };
		84BB03C61FB2A92C006FBCAF /* Assets.xcassets in Resources */ = {isa = PBXBuildFile; fileRef = 84BB03C51FB2A92C006FBCAF /* Assets.xcassets */; };
		84BB03C81FB2A9C0006FBCAF /* Login.storyboard in Resources */ = {isa = PBXBuildFile; fileRef = 84BB03C71FB2A9C0006FBCAF /* Login.storyboard */; };
		84BB03CA1FB2A9E3006FBCAF /* LoginViewController.swift in Sources */ = {isa = PBXBuildFile; fileRef = 84BB03C91FB2A9E3006FBCAF /* LoginViewController.swift */; };
		84BB03CC1FB2A9EC006FBCAF /* RegisterViewController.swift in Sources */ = {isa = PBXBuildFile; fileRef = 84BB03CB1FB2A9EC006FBCAF /* RegisterViewController.swift */; };
		84F4DF861FEFB23B000855B0 /* Order_Detail.swift in Sources */ = {isa = PBXBuildFile; fileRef = 84F4DF851FEFB23B000855B0 /* Order_Detail.swift */; };
		F4DB150E0D1B56834269E74D /* Pods_________.framework in Frameworks */ = {isa = PBXBuildFile; fileRef = C30DFDD6552B25E411F9EA08 /* Pods_________.framework */; };
/* End PBXBuildFile section */

/* Begin PBXFileReference section */
		298DD5641FB2E0E700BBCE14 /* Home.storyboard */ = {isa = PBXFileReference; fileEncoding = 4; lastKnownFileType = file.storyboard; path = Home.storyboard; sourceTree = "<group>"; };
		298DD5661FB2E1D200BBCE14 /* Home_main.swift */ = {isa = PBXFileReference; fileEncoding = 4; lastKnownFileType = sourcecode.swift; path = Home_main.swift; sourceTree = "<group>"; };
		298DD5681FB2E1F100BBCE14 /* Home_detail.swift */ = {isa = PBXFileReference; fileEncoding = 4; lastKnownFileType = sourcecode.swift; path = Home_detail.swift; sourceTree = "<group>"; };
		5B3FC993B61434C363F8356B /* Pods-速递医疗 医生端.debug.xcconfig */ = {isa = PBXFileReference; includeInIndex = 1; lastKnownFileType = text.xcconfig; name = "Pods-速递医疗 医生端.debug.xcconfig"; path = "Pods/Target Support Files/Pods-速递医疗 医生端/Pods-速递医疗 医生端.debug.xcconfig"; sourceTree = "<group>"; };
		84031D0A1FCD43B40058D437 /* MyPatient.storyboard */ = {isa = PBXFileReference; fileEncoding = 4; lastKnownFileType = file.storyboard; path = MyPatient.storyboard; sourceTree = "<group>"; };
		84031D0C1FCD44350058D437 /* BaseTableView.swift */ = {isa = PBXFileReference; fileEncoding = 4; lastKnownFileType = sourcecode.swift; path = BaseTableView.swift; sourceTree = "<group>"; };
		84031D0E1FCD44440058D437 /* BaseCollectionView.swift */ = {isa = PBXFileReference; fileEncoding = 4; lastKnownFileType = sourcecode.swift; path = BaseCollectionView.swift; sourceTree = "<group>"; };
		84031D101FCD444F0058D437 /* MypatientTableViewCell.swift */ = {isa = PBXFileReference; fileEncoding = 4; lastKnownFileType = sourcecode.swift; path = MypatientTableViewCell.swift; sourceTree = "<group>"; };
		84031D121FCD4A2A0058D437 /* Mypatient_main.swift */ = {isa = PBXFileReference; fileEncoding = 4; lastKnownFileType = sourcecode.swift; path = Mypatient_main.swift; sourceTree = "<group>"; };
		84031D141FCD4A850058D437 /* Mypatient_page.swift */ = {isa = PBXFileReference; fileEncoding = 4; lastKnownFileType = sourcecode.swift; path = Mypatient_page.swift; sourceTree = "<group>"; };
		84031D191FD14BCE0058D437 /* BPush.h */ = {isa = PBXFileReference; fileEncoding = 4; lastKnownFileType = sourcecode.c.h; path = BPush.h; sourceTree = "<group>"; };
		84031D1A1FD14BCE0058D437 /* BPushCerResource.bundle */ = {isa = PBXFileReference; lastKnownFileType = "wrapper.plug-in"; path = BPushCerResource.bundle; sourceTree = "<group>"; };
		84031D1B1FD14BCE0058D437 /* libBPush.a */ = {isa = PBXFileReference; lastKnownFileType = archive.ar; path = libBPush.a; sourceTree = "<group>"; };
		84031D1C1FD14BCE0058D437 /* test.caf */ = {isa = PBXFileReference; lastKnownFileType = file; path = test.caf; sourceTree = "<group>"; };
		840647401FA6A259009B21C4 /* 速递医疗 医生端.app */ = {isa = PBXFileReference; explicitFileType = wrapper.application; includeInIndex = 0; path = "速递医疗 医生端.app"; sourceTree = BUILT_PRODUCTS_DIR; };
		840647431FA6A259009B21C4 /* AppDelegate.swift */ = {isa = PBXFileReference; lastKnownFileType = sourcecode.swift; path = AppDelegate.swift; sourceTree = "<group>"; };
		840647451FA6A259009B21C4 /* ViewController.swift */ = {isa = PBXFileReference; lastKnownFileType = sourcecode.swift; path = ViewController.swift; sourceTree = "<group>"; };
		840647481FA6A259009B21C4 /* Base */ = {isa = PBXFileReference; lastKnownFileType = file.storyboard; name = Base; path = Base.lproj/Main.storyboard; sourceTree = "<group>"; };
		8406474D1FA6A259009B21C4 /* Base */ = {isa = PBXFileReference; lastKnownFileType = file.storyboard; name = Base; path = Base.lproj/LaunchScreen.storyboard; sourceTree = "<group>"; };
		8406474F1FA6A259009B21C4 /* Info.plist */ = {isa = PBXFileReference; lastKnownFileType = text.plist.xml; path = Info.plist; sourceTree = "<group>"; };
		840647581FA6A49D009B21C4 /* CustomButton.swift */ = {isa = PBXFileReference; fileEncoding = 4; lastKnownFileType = sourcecode.swift; path = CustomButton.swift; sourceTree = "<group>"; };
		8406475A1FA6A49D009B21C4 /* BaseViewController.swift */ = {isa = PBXFileReference; fileEncoding = 4; lastKnownFileType = sourcecode.swift; path = BaseViewController.swift; sourceTree = "<group>"; };
		8406475B1FA6A49D009B21C4 /* MainViewController.swift */ = {isa = PBXFileReference; fileEncoding = 4; lastKnownFileType = sourcecode.swift; path = MainViewController.swift; sourceTree = "<group>"; };
		840647601FA6A4BD009B21C4 /* Util.swift */ = {isa = PBXFileReference; fileEncoding = 4; lastKnownFileType = sourcecode.swift; path = Util.swift; sourceTree = "<group>"; };
		840647611FA6A4BD009B21C4 /* API.swift */ = {isa = PBXFileReference; fileEncoding = 4; lastKnownFileType = sourcecode.swift; path = API.swift; sourceTree = "<group>"; };
		840647621FA6A4BD009B21C4 /* Extension.swift */ = {isa = PBXFileReference; fileEncoding = 4; lastKnownFileType = sourcecode.swift; path = Extension.swift; sourceTree = "<group>"; };
		8408B6ED1FDAA7C8004403F4 /* Mine_info_one.swift */ = {isa = PBXFileReference; fileEncoding = 4; lastKnownFileType = sourcecode.swift; path = Mine_info_one.swift; sourceTree = "<group>"; };
		8408B6EE1FDAA7C8004403F4 /* Mine_info_photo.swift */ = {isa = PBXFileReference; fileEncoding = 4; lastKnownFileType = sourcecode.swift; path = Mine_info_photo.swift; sourceTree = "<group>"; };
		8408B6EF1FDAA7C8004403F4 /* Mine_info_two.swift */ = {isa = PBXFileReference; fileEncoding = 4; lastKnownFileType = sourcecode.swift; path = Mine_info_two.swift; sourceTree = "<group>"; };
		8408B6F21FDAA7C9004403F4 /* Mine_introduce_main.swift */ = {isa = PBXFileReference; fileEncoding = 4; lastKnownFileType = sourcecode.swift; path = Mine_introduce_main.swift; sourceTree = "<group>"; };
		8408B6F31FDAA7CA004403F4 /* Mypatient_confirmOrder.swift */ = {isa = PBXFileReference; fileEncoding = 4; lastKnownFileType = sourcecode.swift; path = Mypatient_confirmOrder.swift; sourceTree = "<group>"; };
		8408B6F41FDAA7CA004403F4 /* Date_main.swift */ = {isa = PBXFileReference; fileEncoding = 4; lastKnownFileType = sourcecode.swift; path = Date_main.swift; sourceTree = "<group>"; };
		8408B6FD1FDAC0A2004403F4 /* EditViewController.swift */ = {isa = PBXFileReference; fileEncoding = 4; lastKnownFileType = sourcecode.swift; path = EditViewController.swift; sourceTree = "<group>"; };
		8408B6FF1FDAD698004403F4 /* SetDateViewController.swift */ = {isa = PBXFileReference; lastKnownFileType = sourcecode.swift; path = SetDateViewController.swift; sourceTree = "<group>"; };
		84165C1A1FC2E4BF00F32DF5 /* Mine_main.swift */ = {isa = PBXFileReference; fileEncoding = 4; lastKnownFileType = sourcecode.swift; path = Mine_main.swift; sourceTree = "<group>"; };
		84165C1C1FC3042F00F32DF5 /* tableViewController.swift */ = {isa = PBXFileReference; fileEncoding = 4; lastKnownFileType = sourcecode.swift; path = tableViewController.swift; sourceTree = "<group>"; };
		84165C1E1FC307D600F32DF5 /* Mine.storyboard */ = {isa = PBXFileReference; fileEncoding = 4; lastKnownFileType = file.storyboard; path = Mine.storyboard; sourceTree = "<group>"; };
		842875B01FD267310004587B /* ChatViewController.swift */ = {isa = PBXFileReference; lastKnownFileType = sourcecode.swift; path = ChatViewController.swift; sourceTree = "<group>"; };
		843E71E81FC70E4D00829CA4 /* ResetViewController.swift */ = {isa = PBXFileReference; lastKnownFileType = sourcecode.swift; path = ResetViewController.swift; sourceTree = "<group>"; };
		847C13791FD2ACB700B32BB7 /* AlipaySDK.bundle */ = {isa = PBXFileReference; lastKnownFileType = "wrapper.plug-in"; path = AlipaySDK.bundle; sourceTree = "<group>"; };
		847C137A1FD2ACB700B32BB7 /* AlipaySDK.framework */ = {isa = PBXFileReference; lastKnownFileType = wrapper.framework; path = AlipaySDK.framework; sourceTree = "<group>"; };
		847C13801FD2ADE600B32BB7 /* SystemConfiguration.framework */ = {isa = PBXFileReference; lastKnownFileType = wrapper.framework; name = SystemConfiguration.framework; path = System/Library/Frameworks/SystemConfiguration.framework; sourceTree = SDKROOT; };
		847C13821FD2AE6A00B32BB7 /* libc++.tbd */ = {isa = PBXFileReference; lastKnownFileType = "sourcecode.text-based-dylib-definition"; name = "libc++.tbd"; path = "usr/lib/libc++.tbd"; sourceTree = SDKROOT; };
		847C13841FD2AE7C00B32BB7 /* libz.tbd */ = {isa = PBXFileReference; lastKnownFileType = "sourcecode.text-based-dylib-definition"; name = libz.tbd; path = usr/lib/libz.tbd; sourceTree = SDKROOT; };
		847C13861FD2AE8F00B32BB7 /* CoreTelephony.framework */ = {isa = PBXFileReference; lastKnownFileType = wrapper.framework; name = CoreTelephony.framework; path = System/Library/Frameworks/CoreTelephony.framework; sourceTree = SDKROOT; };
		847C13881FD2AE9D00B32BB7 /* QuartzCore.framework */ = {isa = PBXFileReference; lastKnownFileType = wrapper.framework; name = QuartzCore.framework; path = System/Library/Frameworks/QuartzCore.framework; sourceTree = SDKROOT; };
		847C138A1FD2AEAD00B32BB7 /* CoreText.framework */ = {isa = PBXFileReference; lastKnownFileType = wrapper.framework; name = CoreText.framework; path = System/Library/Frameworks/CoreText.framework; sourceTree = SDKROOT; };
		847C138C1FD2AEBD00B32BB7 /* CoreGraphics.framework */ = {isa = PBXFileReference; lastKnownFileType = wrapper.framework; name = CoreGraphics.framework; path = System/Library/Frameworks/CoreGraphics.framework; sourceTree = SDKROOT; };
		847C138E1FD2AECD00B32BB7 /* UIKit.framework */ = {isa = PBXFileReference; lastKnownFileType = wrapper.framework; name = UIKit.framework; path = System/Library/Frameworks/UIKit.framework; sourceTree = SDKROOT; };
		847C13901FD2AEE200B32BB7 /* Foundation.framework */ = {isa = PBXFileReference; lastKnownFileType = wrapper.framework; name = Foundation.framework; path = System/Library/Frameworks/Foundation.framework; sourceTree = SDKROOT; };
		847C13921FD2AEF400B32BB7 /* CFNetwork.framework */ = {isa = PBXFileReference; lastKnownFileType = wrapper.framework; name = CFNetwork.framework; path = System/Library/Frameworks/CFNetwork.framework; sourceTree = SDKROOT; };
		847C13941FD2AF0800B32BB7 /* CoreMotion.framework */ = {isa = PBXFileReference; lastKnownFileType = wrapper.framework; name = CoreMotion.framework; path = System/Library/Frameworks/CoreMotion.framework; sourceTree = SDKROOT; };
		8491A4A11FC45B84008A7D09 /* Mine_setting.swift */ = {isa = PBXFileReference; lastKnownFileType = sourcecode.swift; path = Mine_setting.swift; sourceTree = "<group>"; };
		8491F2FF1FDBBA960061702C /* SetDateCollectionViewCell.swift */ = {isa = PBXFileReference; lastKnownFileType = sourcecode.swift; path = SetDateCollectionViewCell.swift; sourceTree = "<group>"; };
		8491F3011FDBE7A30061702C /* AddDateViewController.swift */ = {isa = PBXFileReference; lastKnownFileType = sourcecode.swift; path = AddDateViewController.swift; sourceTree = "<group>"; };
		8491F3031FDC20640061702C /* Mine_historyOrder.swift */ = {isa = PBXFileReference; lastKnownFileType = sourcecode.swift; path = Mine_historyOrder.swift; sourceTree = "<group>"; };
		8491F3051FDC26DD0061702C /* MinePocketCollectionViewCell.swift */ = {isa = PBXFileReference; fileEncoding = 4; lastKnownFileType = sourcecode.swift; path = MinePocketCollectionViewCell.swift; sourceTree = "<group>"; };
		8491F3061FDC26DD0061702C /* MinePocketCollectionViewCell.xib */ = {isa = PBXFileReference; fileEncoding = 4; lastKnownFileType = file.xib; path = MinePocketCollectionViewCell.xib; sourceTree = "<group>"; };
		8491F3091FDCE08B0061702C /* InfoTableViewCell.swift */ = {isa = PBXFileReference; lastKnownFileType = sourcecode.swift; path = InfoTableViewCell.swift; sourceTree = "<group>"; };
		8491F30A1FDCE08B0061702C /* InfoTableViewCell.xib */ = {isa = PBXFileReference; lastKnownFileType = file.xib; path = InfoTableViewCell.xib; sourceTree = "<group>"; };
		8491F30D1FDCE35D0061702C /* Mine_pocket_one.swift */ = {isa = PBXFileReference; lastKnownFileType = sourcecode.swift; path = Mine_pocket_one.swift; sourceTree = "<group>"; };
		8491F30F1FDCE5350061702C /* Mine_pocket_two.swift */ = {isa = PBXFileReference; lastKnownFileType = sourcecode.swift; path = Mine_pocket_two.swift; sourceTree = "<group>"; };
		8491F3111FDCF04B0061702C /* Mine_msg_main.swift */ = {isa = PBXFileReference; lastKnownFileType = sourcecode.swift; path = Mine_msg_main.swift; sourceTree = "<group>"; };
		8496F8071FE60C3F0038D39E /* address.plist */ = {isa = PBXFileReference; fileEncoding = 4; lastKnownFileType = text.plist.xml; path = address.plist; sourceTree = "<group>"; };
		849CC0871FD179B20090D6B8 /* 速递医疗 医生端.entitlements */ = {isa = PBXFileReference; lastKnownFileType = text.plist.entitlements; path = "速递医疗 医生端.entitlements"; sourceTree = "<group>"; };
		84B730871FD4CBD3004A36B9 /* HomeMainTableViewCell.swift */ = {isa = PBXFileReference; lastKnownFileType = sourcecode.swift; path = HomeMainTableViewCell.swift; sourceTree = "<group>"; };
		84B8EDE81FDFAA5700E27B41 /* ConsultationTableViewCell.swift */ = {isa = PBXFileReference; lastKnownFileType = sourcecode.swift; path = ConsultationTableViewCell.swift; sourceTree = "<group>"; };
		84B8EDE91FDFAA5700E27B41 /* ConsultationTableViewCell.xib */ = {isa = PBXFileReference; lastKnownFileType = file.xib; path = ConsultationTableViewCell.xib; sourceTree = "<group>"; };
		84B8EDEC1FDFB61B00E27B41 /* MyDateTableViewCell.swift */ = {isa = PBXFileReference; lastKnownFileType = sourcecode.swift; path = MyDateTableViewCell.swift; sourceTree = "<group>"; };
		84B8EDED1FDFB61B00E27B41 /* MyDateTableViewCell.xib */ = {isa = PBXFileReference; lastKnownFileType = file.xib; path = MyDateTableViewCell.xib; sourceTree = "<group>"; };
		84B8EDF01FDFC4A500E27B41 /* Date.storyboard */ = {isa = PBXFileReference; fileEncoding = 4; lastKnownFileType = file.storyboard; path = Date.storyboard; sourceTree = "<group>"; };
		84B8EDF21FDFC51F00E27B41 /* Date_page.swift */ = {isa = PBXFileReference; lastKnownFileType = sourcecode.swift; path = Date_page.swift; sourceTree = "<group>"; };
		84B8EDF41FDFEF8A00E27B41 /* Consultation_main.swift */ = {isa = PBXFileReference; lastKnownFileType = sourcecode.swift; path = Consultation_main.swift; sourceTree = "<group>"; };
		84B8EDF61FDFF1E400E27B41 /* Consultation_page.swift */ = {isa = PBXFileReference; lastKnownFileType = sourcecode.swift; path = Consultation_page.swift; sourceTree = "<group>"; };
		84B8EDF81FDFF77C00E27B41 /* Consultation.storyboard */ = {isa = PBXFileReference; lastKnownFileType = file.storyboard; path = Consultation.storyboard; sourceTree = "<group>"; };
		84B8EDFA1FDFFCF300E27B41 /* Consultation_confirmOrder.swift */ = {isa = PBXFileReference; lastKnownFileType = sourcecode.swift; path = Consultation_confirmOrder.swift; sourceTree = "<group>"; };
		84B8EDFC1FE0087600E27B41 /* MineAddHospitalTableViewCell.swift */ = {isa = PBXFileReference; lastKnownFileType = sourcecode.swift; path = MineAddHospitalTableViewCell.swift; sourceTree = "<group>"; };
		84B8EDFD1FE0087600E27B41 /* MineAddHospitalTableViewCell.xib */ = {isa = PBXFileReference; lastKnownFileType = file.xib; path = MineAddHospitalTableViewCell.xib; sourceTree = "<group>"; };
		84B8EE001FE011F700E27B41 /* AMapSearchAPI.swift */ = {isa = PBXFileReference; lastKnownFileType = sourcecode.swift; path = AMapSearchAPI.swift; sourceTree = "<group>"; };
		84B8EE021FE0162200E27B41 /* Mine_add_hospital.swift */ = {isa = PBXFileReference; lastKnownFileType = sourcecode.swift; path = Mine_add_hospital.swift; sourceTree = "<group>"; };
		84BB03B11FB2A66B006FBCAF /* ModelBean.swift */ = {isa = PBXFileReference; fileEncoding = 4; lastKnownFileType = sourcecode.swift; path = ModelBean.swift; sourceTree = "<group>"; };
		84BB03B31FB2A673006FBCAF /* BaseAPIBean.swift */ = {isa = PBXFileReference; fileEncoding = 4; lastKnownFileType = sourcecode.swift; path = BaseAPIBean.swift; sourceTree = "<group>"; };
		84BB03B71FB2A8F2006FBCAF /* XLSegmentedSlideSwitch.h */ = {isa = PBXFileReference; fileEncoding = 4; lastKnownFileType = sourcecode.c.h; path = XLSegmentedSlideSwitch.h; sourceTree = "<group>"; };
		84BB03B81FB2A8F2006FBCAF /* XLSegmentedSlideSwitch.m */ = {isa = PBXFileReference; fileEncoding = 4; lastKnownFileType = sourcecode.c.objc; path = XLSegmentedSlideSwitch.m; sourceTree = "<group>"; };
		84BB03B91FB2A8F2006FBCAF /* XLSlideSegmented.h */ = {isa = PBXFileReference; fileEncoding = 4; lastKnownFileType = sourcecode.c.h; path = XLSlideSegmented.h; sourceTree = "<group>"; };
		84BB03BA1FB2A8F2006FBCAF /* XLSlideSegmented.m */ = {isa = PBXFileReference; fileEncoding = 4; lastKnownFileType = sourcecode.c.objc; path = XLSlideSegmented.m; sourceTree = "<group>"; };
		84BB03BB1FB2A8F2006FBCAF /* XLSlideSegmentedItem.h */ = {isa = PBXFileReference; fileEncoding = 4; lastKnownFileType = sourcecode.c.h; path = XLSlideSegmentedItem.h; sourceTree = "<group>"; };
		84BB03BC1FB2A8F2006FBCAF /* XLSlideSegmentedItem.m */ = {isa = PBXFileReference; fileEncoding = 4; lastKnownFileType = sourcecode.c.objc; path = XLSlideSegmentedItem.m; sourceTree = "<group>"; };
		84BB03BD1FB2A8F2006FBCAF /* XLSlideSwitch.h */ = {isa = PBXFileReference; fileEncoding = 4; lastKnownFileType = sourcecode.c.h; path = XLSlideSwitch.h; sourceTree = "<group>"; };
		84BB03BE1FB2A8F2006FBCAF /* XLSlideSwitch.m */ = {isa = PBXFileReference; fileEncoding = 4; lastKnownFileType = sourcecode.c.objc; path = XLSlideSwitch.m; sourceTree = "<group>"; };
		84BB03BF1FB2A8F2006FBCAF /* XLSlideSwitchDelegate.h */ = {isa = PBXFileReference; fileEncoding = 4; lastKnownFileType = sourcecode.c.h; path = XLSlideSwitchDelegate.h; sourceTree = "<group>"; };
		84BB03C41FB2A912006FBCAF /* Bridging-Header.h */ = {isa = PBXFileReference; lastKnownFileType = sourcecode.c.h; path = "Bridging-Header.h"; sourceTree = "<group>"; };
		84BB03C51FB2A92C006FBCAF /* Assets.xcassets */ = {isa = PBXFileReference; lastKnownFileType = folder.assetcatalog; path = Assets.xcassets; sourceTree = "<group>"; };
		84BB03C71FB2A9C0006FBCAF /* Login.storyboard */ = {isa = PBXFileReference; fileEncoding = 4; lastKnownFileType = file.storyboard; path = Login.storyboard; sourceTree = "<group>"; };
		84BB03C91FB2A9E3006FBCAF /* LoginViewController.swift */ = {isa = PBXFileReference; fileEncoding = 4; lastKnownFileType = sourcecode.swift; path = LoginViewController.swift; sourceTree = "<group>"; };
		84BB03CB1FB2A9EC006FBCAF /* RegisterViewController.swift */ = {isa = PBXFileReference; fileEncoding = 4; lastKnownFileType = sourcecode.swift; path = RegisterViewController.swift; sourceTree = "<group>"; };
		84F4DF851FEFB23B000855B0 /* Order_Detail.swift */ = {isa = PBXFileReference; lastKnownFileType = sourcecode.swift; path = Order_Detail.swift; sourceTree = "<group>"; };
		C30DFDD6552B25E411F9EA08 /* Pods_________.framework */ = {isa = PBXFileReference; explicitFileType = wrapper.framework; includeInIndex = 0; path = "Pods_________.framework"; sourceTree = BUILT_PRODUCTS_DIR; };
		FA1985612B2760BFE0B76DB1 /* Pods-速递医疗 医生端.release.xcconfig */ = {isa = PBXFileReference; includeInIndex = 1; lastKnownFileType = text.xcconfig; name = "Pods-速递医疗 医生端.release.xcconfig"; path = "Pods/Target Support Files/Pods-速递医疗 医生端/Pods-速递医疗 医生端.release.xcconfig"; sourceTree = "<group>"; };
/* End PBXFileReference section */

/* Begin PBXFrameworksBuildPhase section */
		8406473D1FA6A259009B21C4 /* Frameworks */ = {
			isa = PBXFrameworksBuildPhase;
			buildActionMask = 2147483647;
			files = (
				847C13951FD2AF0F00B32BB7 /* CoreMotion.framework in Frameworks */,
				847C13931FD2AEFB00B32BB7 /* CFNetwork.framework in Frameworks */,
				847C13911FD2AEE900B32BB7 /* Foundation.framework in Frameworks */,
				847C138F1FD2AED100B32BB7 /* UIKit.framework in Frameworks */,
				847C138D1FD2AEC400B32BB7 /* CoreGraphics.framework in Frameworks */,
				847C138B1FD2AEB300B32BB7 /* CoreText.framework in Frameworks */,
				847C13891FD2AEA200B32BB7 /* QuartzCore.framework in Frameworks */,
				847C13871FD2AE9500B32BB7 /* CoreTelephony.framework in Frameworks */,
				847C13811FD2ADEC00B32BB7 /* SystemConfiguration.framework in Frameworks */,
				847C13851FD2AE7C00B32BB7 /* libz.tbd in Frameworks */,
				847C13831FD2AE6A00B32BB7 /* libc++.tbd in Frameworks */,
				84031D1E1FD14BCE0058D437 /* libBPush.a in Frameworks */,
				847C137D1FD2ACE100B32BB7 /* AlipaySDK.framework in Frameworks */,
				F4DB150E0D1B56834269E74D /* Pods_________.framework in Frameworks */,
			);
			runOnlyForDeploymentPostprocessing = 0;
		};
/* End PBXFrameworksBuildPhase section */

/* Begin PBXGroup section */
		01E050599CDF6061E1C086E7 /* Frameworks */ = {
			isa = PBXGroup;
			children = (
				847C13941FD2AF0800B32BB7 /* CoreMotion.framework */,
				847C13921FD2AEF400B32BB7 /* CFNetwork.framework */,
				847C13901FD2AEE200B32BB7 /* Foundation.framework */,
				847C138E1FD2AECD00B32BB7 /* UIKit.framework */,
				847C138C1FD2AEBD00B32BB7 /* CoreGraphics.framework */,
				847C138A1FD2AEAD00B32BB7 /* CoreText.framework */,
				847C13881FD2AE9D00B32BB7 /* QuartzCore.framework */,
				847C13861FD2AE8F00B32BB7 /* CoreTelephony.framework */,
				847C13841FD2AE7C00B32BB7 /* libz.tbd */,
				847C13821FD2AE6A00B32BB7 /* libc++.tbd */,
				847C13801FD2ADE600B32BB7 /* SystemConfiguration.framework */,
				C30DFDD6552B25E411F9EA08 /* Pods_________.framework */,
			);
			name = Frameworks;
			sourceTree = "<group>";
		};
		29DDEB4A7003005C7877B0F5 /* Pods */ = {
			isa = PBXGroup;
			children = (
				5B3FC993B61434C363F8356B /* Pods-速递医疗 医生端.debug.xcconfig */,
				FA1985612B2760BFE0B76DB1 /* Pods-速递医疗 医生端.release.xcconfig */,
			);
			name = Pods;
			sourceTree = "<group>";
		};
		84031D181FD14BCE0058D437 /* LibBPush */ = {
			isa = PBXGroup;
			children = (
				84031D191FD14BCE0058D437 /* BPush.h */,
				84031D1A1FD14BCE0058D437 /* BPushCerResource.bundle */,
				84031D1B1FD14BCE0058D437 /* libBPush.a */,
				84031D1C1FD14BCE0058D437 /* test.caf */,
			);
			path = LibBPush;
			sourceTree = "<group>";
		};
		840647371FA6A259009B21C4 = {
			isa = PBXGroup;
			children = (
				840647421FA6A259009B21C4 /* 速递医疗 医生端 */,
				840647411FA6A259009B21C4 /* Products */,
				29DDEB4A7003005C7877B0F5 /* Pods */,
				01E050599CDF6061E1C086E7 /* Frameworks */,
			);
			sourceTree = "<group>";
		};
		840647411FA6A259009B21C4 /* Products */ = {
			isa = PBXGroup;
			children = (
				840647401FA6A259009B21C4 /* 速递医疗 医生端.app */,
			);
			name = Products;
			sourceTree = "<group>";
		};
		840647421FA6A259009B21C4 /* 速递医疗 医生端 */ = {
			isa = PBXGroup;
			children = (
				8496F8071FE60C3F0038D39E /* address.plist */,
				849CC0871FD179B20090D6B8 /* 速递医疗 医生端.entitlements */,
				84BB03B01FB2A53C006FBCAF /* StoryBoard */,
				840647551FA6A49D009B21C4 /* Model */,
				840647571FA6A49D009B21C4 /* View */,
				840647591FA6A49D009B21C4 /* ViewController */,
				84BB03B51FB2A8F2006FBCAF /* Libs */,
				840647621FA6A4BD009B21C4 /* Extension.swift */,
				840647431FA6A259009B21C4 /* AppDelegate.swift */,
				840647611FA6A4BD009B21C4 /* API.swift */,
				840647601FA6A4BD009B21C4 /* Util.swift */,
				840647451FA6A259009B21C4 /* ViewController.swift */,
				840647471FA6A259009B21C4 /* Main.storyboard */,
				84BB03C51FB2A92C006FBCAF /* Assets.xcassets */,
				84BB03C41FB2A912006FBCAF /* Bridging-Header.h */,
				8406474C1FA6A259009B21C4 /* LaunchScreen.storyboard */,
				8406474F1FA6A259009B21C4 /* Info.plist */,
				84B8EE001FE011F700E27B41 /* AMapSearchAPI.swift */,
			);
			path = "速递医疗 医生端";
			sourceTree = "<group>";
		};
		840647551FA6A49D009B21C4 /* Model */ = {
			isa = PBXGroup;
			children = (
				84BB03B31FB2A673006FBCAF /* BaseAPIBean.swift */,
				84BB03B11FB2A66B006FBCAF /* ModelBean.swift */,
			);
			path = Model;
			sourceTree = "<group>";
		};
		840647571FA6A49D009B21C4 /* View */ = {
			isa = PBXGroup;
			children = (
				840647581FA6A49D009B21C4 /* CustomButton.swift */,
				84031D0C1FCD44350058D437 /* BaseTableView.swift */,
				84031D0E1FCD44440058D437 /* BaseCollectionView.swift */,
				84031D101FCD444F0058D437 /* MypatientTableViewCell.swift */,
				84165C1C1FC3042F00F32DF5 /* tableViewController.swift */,
				84B730871FD4CBD3004A36B9 /* HomeMainTableViewCell.swift */,
				8491F2FF1FDBBA960061702C /* SetDateCollectionViewCell.swift */,
				8491F3051FDC26DD0061702C /* MinePocketCollectionViewCell.swift */,
				8491F3061FDC26DD0061702C /* MinePocketCollectionViewCell.xib */,
				8491F3091FDCE08B0061702C /* InfoTableViewCell.swift */,
				8491F30A1FDCE08B0061702C /* InfoTableViewCell.xib */,
				84B8EDE81FDFAA5700E27B41 /* ConsultationTableViewCell.swift */,
				84B8EDE91FDFAA5700E27B41 /* ConsultationTableViewCell.xib */,
				84B8EDEC1FDFB61B00E27B41 /* MyDateTableViewCell.swift */,
				84B8EDED1FDFB61B00E27B41 /* MyDateTableViewCell.xib */,
				84B8EDFC1FE0087600E27B41 /* MineAddHospitalTableViewCell.swift */,
				84B8EDFD1FE0087600E27B41 /* MineAddHospitalTableViewCell.xib */,
			);
			path = View;
			sourceTree = "<group>";
		};
		840647591FA6A49D009B21C4 /* ViewController */ = {
			isa = PBXGroup;
			children = (
				8408B6F41FDAA7CA004403F4 /* Date_main.swift */,
				84B8EDF21FDFC51F00E27B41 /* Date_page.swift */,
				84165C1A1FC2E4BF00F32DF5 /* Mine_main.swift */,
				8408B6ED1FDAA7C8004403F4 /* Mine_info_one.swift */,
				8408B6EE1FDAA7C8004403F4 /* Mine_info_photo.swift */,
				8408B6EF1FDAA7C8004403F4 /* Mine_info_two.swift */,
				8491F30D1FDCE35D0061702C /* Mine_pocket_one.swift */,
				8491F30F1FDCE5350061702C /* Mine_pocket_two.swift */,
				8491F3111FDCF04B0061702C /* Mine_msg_main.swift */,
				8491A4A11FC45B84008A7D09 /* Mine_setting.swift */,
				8408B6F21FDAA7C9004403F4 /* Mine_introduce_main.swift */,
				8491F3031FDC20640061702C /* Mine_historyOrder.swift */,
				8408B6FD1FDAC0A2004403F4 /* EditViewController.swift */,
				8408B6F31FDAA7CA004403F4 /* Mypatient_confirmOrder.swift */,
				298DD5661FB2E1D200BBCE14 /* Home_main.swift */,
				298DD5681FB2E1F100BBCE14 /* Home_detail.swift */,
				84031D121FCD4A2A0058D437 /* Mypatient_main.swift */,
				84031D141FCD4A850058D437 /* Mypatient_page.swift */,
				84BB03C91FB2A9E3006FBCAF /* LoginViewController.swift */,
				84BB03CB1FB2A9EC006FBCAF /* RegisterViewController.swift */,
				843E71E81FC70E4D00829CA4 /* ResetViewController.swift */,
				8406475A1FA6A49D009B21C4 /* BaseViewController.swift */,
				842875B01FD267310004587B /* ChatViewController.swift */,
				8408B6FF1FDAD698004403F4 /* SetDateViewController.swift */,
				8491F3011FDBE7A30061702C /* AddDateViewController.swift */,
				84B8EDF41FDFEF8A00E27B41 /* Consultation_main.swift */,
				84B8EDF61FDFF1E400E27B41 /* Consultation_page.swift */,
				84B8EDFA1FDFFCF300E27B41 /* Consultation_confirmOrder.swift */,
				8406475B1FA6A49D009B21C4 /* MainViewController.swift */,
				84B8EE021FE0162200E27B41 /* Mine_add_hospital.swift */,
				84F4DF851FEFB23B000855B0 /* Order_Detail.swift */,
			);
			path = ViewController;
			sourceTree = "<group>";
		};
		84BB03B01FB2A53C006FBCAF /* StoryBoard */ = {
			isa = PBXGroup;
			children = (
				84B8EDF01FDFC4A500E27B41 /* Date.storyboard */,
				298DD5641FB2E0E700BBCE14 /* Home.storyboard */,
				84165C1E1FC307D600F32DF5 /* Mine.storyboard */,
				84031D0A1FCD43B40058D437 /* MyPatient.storyboard */,
				84BB03C71FB2A9C0006FBCAF /* Login.storyboard */,
				84B8EDF81FDFF77C00E27B41 /* Consultation.storyboard */,
			);
			path = StoryBoard;
			sourceTree = "<group>";
		};
		84BB03B51FB2A8F2006FBCAF /* Libs */ = {
			isa = PBXGroup;
			children = (
				847C13791FD2ACB700B32BB7 /* AlipaySDK.bundle */,
				847C137A1FD2ACB700B32BB7 /* AlipaySDK.framework */,
				84031D181FD14BCE0058D437 /* LibBPush */,
				84BB03B61FB2A8F2006FBCAF /* XLSlideSwitch */,
			);
			path = Libs;
			sourceTree = "<group>";
		};
		84BB03B61FB2A8F2006FBCAF /* XLSlideSwitch */ = {
			isa = PBXGroup;
			children = (
				84BB03B71FB2A8F2006FBCAF /* XLSegmentedSlideSwitch.h */,
				84BB03B81FB2A8F2006FBCAF /* XLSegmentedSlideSwitch.m */,
				84BB03B91FB2A8F2006FBCAF /* XLSlideSegmented.h */,
				84BB03BA1FB2A8F2006FBCAF /* XLSlideSegmented.m */,
				84BB03BB1FB2A8F2006FBCAF /* XLSlideSegmentedItem.h */,
				84BB03BC1FB2A8F2006FBCAF /* XLSlideSegmentedItem.m */,
				84BB03BD1FB2A8F2006FBCAF /* XLSlideSwitch.h */,
				84BB03BE1FB2A8F2006FBCAF /* XLSlideSwitch.m */,
				84BB03BF1FB2A8F2006FBCAF /* XLSlideSwitchDelegate.h */,
			);
			path = XLSlideSwitch;
			sourceTree = "<group>";
		};
/* End PBXGroup section */

/* Begin PBXNativeTarget section */
		8406473F1FA6A259009B21C4 /* 速递医疗 医生端 */ = {
			isa = PBXNativeTarget;
			buildConfigurationList = 840647521FA6A259009B21C4 /* Build configuration list for PBXNativeTarget "速递医疗 医生端" */;
			buildPhases = (
				1D2BEC1261E9224FE371AD1C /* [CP] Check Pods Manifest.lock */,
				8406473C1FA6A259009B21C4 /* Sources */,
				8406473D1FA6A259009B21C4 /* Frameworks */,
				8406473E1FA6A259009B21C4 /* Resources */,
				562A00989327B0E460846BB3 /* [CP] Embed Pods Frameworks */,
				C623A27B3C9A9C731575259A /* [CP] Copy Pods Resources */,
			);
			buildRules = (
			);
			dependencies = (
			);
			name = "速递医疗 医生端";
			productName = "速递医疗 医生端";
			productReference = 840647401FA6A259009B21C4 /* 速递医疗 医生端.app */;
			productType = "com.apple.product-type.application";
		};
/* End PBXNativeTarget section */

/* Begin PBXProject section */
		840647381FA6A259009B21C4 /* Project object */ = {
			isa = PBXProject;
			attributes = {
				LastSwiftUpdateCheck = 0900;
				LastUpgradeCheck = 0900;
				ORGANIZATIONNAME = victor;
				TargetAttributes = {
					8406473F1FA6A259009B21C4 = {
						CreatedOnToolsVersion = 9.0.1;
						ProvisioningStyle = Automatic;
						SystemCapabilities = {
							com.apple.BackgroundModes = {
								enabled = 1;
							};
							com.apple.Push = {
								enabled = 1;
							};
						};
					};
				};
			};
			buildConfigurationList = 8406473B1FA6A259009B21C4 /* Build configuration list for PBXProject "速递医疗 医生端" */;
			compatibilityVersion = "Xcode 8.0";
			developmentRegion = en;
			hasScannedForEncodings = 0;
			knownRegions = (
				en,
				Base,
			);
			mainGroup = 840647371FA6A259009B21C4;
			productRefGroup = 840647411FA6A259009B21C4 /* Products */;
			projectDirPath = "";
			projectRoot = "";
			targets = (
				8406473F1FA6A259009B21C4 /* 速递医疗 医生端 */,
			);
		};
/* End PBXProject section */

/* Begin PBXResourcesBuildPhase section */
		8406473E1FA6A259009B21C4 /* Resources */ = {
			isa = PBXResourcesBuildPhase;
			buildActionMask = 2147483647;
			files = (
				84B8EDEB1FDFAA5700E27B41 /* ConsultationTableViewCell.xib in Resources */,
				84B8EDF91FDFF77D00E27B41 /* Consultation.storyboard in Resources */,
				84B8EDEF1FDFB61B00E27B41 /* MyDateTableViewCell.xib in Resources */,
				847C137B1FD2ACB800B32BB7 /* AlipaySDK.bundle in Resources */,
				84B8EDF11FDFC4A500E27B41 /* Date.storyboard in Resources */,
				8496F8081FE60C3F0038D39E /* address.plist in Resources */,
				8491F30C1FDCE08B0061702C /* InfoTableViewCell.xib in Resources */,
				84031D1F1FD14BCE0058D437 /* test.caf in Resources */,
				84BB03C81FB2A9C0006FBCAF /* Login.storyboard in Resources */,
				298DD5651FB2E0E700BBCE14 /* Home.storyboard in Resources */,
				84B8EDFF1FE0087600E27B41 /* MineAddHospitalTableViewCell.xib in Resources */,
				84031D0B1FCD43B50058D437 /* MyPatient.storyboard in Resources */,
				84031D1D1FD14BCE0058D437 /* BPushCerResource.bundle in Resources */,
				8406474E1FA6A259009B21C4 /* LaunchScreen.storyboard in Resources */,
				84165C1F1FC307D600F32DF5 /* Mine.storyboard in Resources */,
				8491F3081FDC26DD0061702C /* MinePocketCollectionViewCell.xib in Resources */,
				84BB03C61FB2A92C006FBCAF /* Assets.xcassets in Resources */,
				840647491FA6A259009B21C4 /* Main.storyboard in Resources */,
			);
			runOnlyForDeploymentPostprocessing = 0;
		};
/* End PBXResourcesBuildPhase section */

/* Begin PBXShellScriptBuildPhase section */
		1D2BEC1261E9224FE371AD1C /* [CP] Check Pods Manifest.lock */ = {
			isa = PBXShellScriptBuildPhase;
			buildActionMask = 2147483647;
			files = (
			);
			inputPaths = (
				"${PODS_PODFILE_DIR_PATH}/Podfile.lock",
				"${PODS_ROOT}/Manifest.lock",
			);
			name = "[CP] Check Pods Manifest.lock";
			outputPaths = (
				"$(DERIVED_FILE_DIR)/Pods-速递医疗 医生端-checkManifestLockResult.txt",
			);
			runOnlyForDeploymentPostprocessing = 0;
			shellPath = /bin/sh;
			shellScript = "diff \"${PODS_PODFILE_DIR_PATH}/Podfile.lock\" \"${PODS_ROOT}/Manifest.lock\" > /dev/null\nif [ $? != 0 ] ; then\n    # print error to STDERR\n    echo \"error: The sandbox is not in sync with the Podfile.lock. Run 'pod install' or update your CocoaPods installation.\" >&2\n    exit 1\nfi\n# This output is used by Xcode 'outputs' to avoid re-running this script phase.\necho \"SUCCESS\" > \"${SCRIPT_OUTPUT_FILE_0}\"\n";
			showEnvVarsInLog = 0;
		};
		562A00989327B0E460846BB3 /* [CP] Embed Pods Frameworks */ = {
			isa = PBXShellScriptBuildPhase;
			buildActionMask = 12;
			files = (
			);
			inputPaths = (
				"${SRCROOT}/Pods/Target Support Files/Pods-速递医疗 医生端/Pods-速递医疗 医生端-frameworks.sh",
				"${BUILT_PRODUCTS_DIR}/Alamofire/Alamofire.framework",
				"${BUILT_PRODUCTS_DIR}/DACircularProgress/DACircularProgress.framework",
				"${BUILT_PRODUCTS_DIR}/Daysquare/Daysquare.framework",
				"${BUILT_PRODUCTS_DIR}/EaseUI/EaseUI.framework",
				"${BUILT_PRODUCTS_DIR}/HJPhotoBrowser/HJPhotoBrowser.framework",
				"${PODS_ROOT}/Hyphenate/ios_IM_Hyphenate_sdk_3.3.7/HyphenateFullSDK/Hyphenate.framework",
				"${BUILT_PRODUCTS_DIR}/Kingfisher/Kingfisher.framework",
				"${BUILT_PRODUCTS_DIR}/LEEAlert/LEEAlert.framework",
				"${BUILT_PRODUCTS_DIR}/MBProgressHUD/MBProgressHUD.framework",
				"${BUILT_PRODUCTS_DIR}/MJRefresh/MJRefresh.framework",
				"${BUILT_PRODUCTS_DIR}/MWPhotoBrowser/MWPhotoBrowser.framework",
				"${BUILT_PRODUCTS_DIR}/Moya/Moya.framework",
				"${BUILT_PRODUCTS_DIR}/ObjectMapper/ObjectMapper.framework",
				"${BUILT_PRODUCTS_DIR}/Result/Result.framework",
				"${BUILT_PRODUCTS_DIR}/SDWebImage/SDWebImage.framework",
				"${BUILT_PRODUCTS_DIR}/SVProgressHUD/SVProgressHUD.framework",
				"${BUILT_PRODUCTS_DIR}/SnapKit/SnapKit.framework",
				"${BUILT_PRODUCTS_DIR}/SwiftHash/SwiftHash.framework",
				"${BUILT_PRODUCTS_DIR}/SwiftyJSON/SwiftyJSON.framework",
				"${BUILT_PRODUCTS_DIR}/Toast-Swift/Toast_Swift.framework",
			);
			name = "[CP] Embed Pods Frameworks";
			outputPaths = (
				"${TARGET_BUILD_DIR}/${FRAMEWORKS_FOLDER_PATH}/Alamofire.framework",
				"${TARGET_BUILD_DIR}/${FRAMEWORKS_FOLDER_PATH}/DACircularProgress.framework",
				"${TARGET_BUILD_DIR}/${FRAMEWORKS_FOLDER_PATH}/Daysquare.framework",
				"${TARGET_BUILD_DIR}/${FRAMEWORKS_FOLDER_PATH}/EaseUI.framework",
				"${TARGET_BUILD_DIR}/${FRAMEWORKS_FOLDER_PATH}/HJPhotoBrowser.framework",
				"${TARGET_BUILD_DIR}/${FRAMEWORKS_FOLDER_PATH}/Hyphenate.framework",
				"${TARGET_BUILD_DIR}/${FRAMEWORKS_FOLDER_PATH}/Kingfisher.framework",
				"${TARGET_BUILD_DIR}/${FRAMEWORKS_FOLDER_PATH}/LEEAlert.framework",
				"${TARGET_BUILD_DIR}/${FRAMEWORKS_FOLDER_PATH}/MBProgressHUD.framework",
				"${TARGET_BUILD_DIR}/${FRAMEWORKS_FOLDER_PATH}/MJRefresh.framework",
				"${TARGET_BUILD_DIR}/${FRAMEWORKS_FOLDER_PATH}/MWPhotoBrowser.framework",
				"${TARGET_BUILD_DIR}/${FRAMEWORKS_FOLDER_PATH}/Moya.framework",
				"${TARGET_BUILD_DIR}/${FRAMEWORKS_FOLDER_PATH}/ObjectMapper.framework",
				"${TARGET_BUILD_DIR}/${FRAMEWORKS_FOLDER_PATH}/Result.framework",
				"${TARGET_BUILD_DIR}/${FRAMEWORKS_FOLDER_PATH}/SDWebImage.framework",
				"${TARGET_BUILD_DIR}/${FRAMEWORKS_FOLDER_PATH}/SVProgressHUD.framework",
				"${TARGET_BUILD_DIR}/${FRAMEWORKS_FOLDER_PATH}/SnapKit.framework",
				"${TARGET_BUILD_DIR}/${FRAMEWORKS_FOLDER_PATH}/SwiftHash.framework",
				"${TARGET_BUILD_DIR}/${FRAMEWORKS_FOLDER_PATH}/SwiftyJSON.framework",
				"${TARGET_BUILD_DIR}/${FRAMEWORKS_FOLDER_PATH}/Toast_Swift.framework",
			);
			runOnlyForDeploymentPostprocessing = 0;
			shellPath = /bin/sh;
			shellScript = "\"${SRCROOT}/Pods/Target Support Files/Pods-速递医疗 医生端/Pods-速递医疗 医生端-frameworks.sh\"\n";
			showEnvVarsInLog = 0;
		};
		C623A27B3C9A9C731575259A /* [CP] Copy Pods Resources */ = {
			isa = PBXShellScriptBuildPhase;
			buildActionMask = 2147483647;
			files = (
			);
			inputPaths = (
				"${SRCROOT}/Pods/Target Support Files/Pods-速递医疗 医生端/Pods-速递医疗 医生端-resources.sh",
				"${PODS_ROOT}/mob_sharesdk/SDK/ShareSDK/Support/Required/ShareSDK.bundle",
				"${PODS_ROOT}/mob_sharesdk/SDK/ShareSDK/Support/Optional/ShareSDKUI.bundle",
			);
			name = "[CP] Copy Pods Resources";
			outputPaths = (
				"${TARGET_BUILD_DIR}/${UNLOCALIZED_RESOURCES_FOLDER_PATH}",
			);
			runOnlyForDeploymentPostprocessing = 0;
			shellPath = /bin/sh;
			shellScript = "\"${SRCROOT}/Pods/Target Support Files/Pods-速递医疗 医生端/Pods-速递医疗 医生端-resources.sh\"\n";
			showEnvVarsInLog = 0;
		};
/* End PBXShellScriptBuildPhase section */

/* Begin PBXSourcesBuildPhase section */
		8406473C1FA6A259009B21C4 /* Sources */ = {
			isa = PBXSourcesBuildPhase;
			buildActionMask = 2147483647;
			files = (
				840647651FA6A4BD009B21C4 /* Extension.swift in Sources */,
				298DD5691FB2E1F100BBCE14 /* Home_detail.swift in Sources */,
				8406475E1FA6A49D009B21C4 /* BaseViewController.swift in Sources */,
				8408B6FB1FDAA7CA004403F4 /* Mypatient_confirmOrder.swift in Sources */,
				84B8EDF31FDFC51F00E27B41 /* Date_page.swift in Sources */,
				8406475D1FA6A49D009B21C4 /* CustomButton.swift in Sources */,
				8408B7001FDAD698004403F4 /* SetDateViewController.swift in Sources */,
				84BB03CA1FB2A9E3006FBCAF /* LoginViewController.swift in Sources */,
				84031D0F1FCD44450058D437 /* BaseCollectionView.swift in Sources */,
				8491F3041FDC20640061702C /* Mine_historyOrder.swift in Sources */,
				84BB03C31FB2A8F2006FBCAF /* XLSlideSwitch.m in Sources */,
				84031D0D1FCD44350058D437 /* BaseTableView.swift in Sources */,
				84B8EDEE1FDFB61B00E27B41 /* MyDateTableViewCell.swift in Sources */,
				8491F30E1FDCE35D0061702C /* Mine_pocket_one.swift in Sources */,
				84165C1B1FC2E4BF00F32DF5 /* Mine_main.swift in Sources */,
				840647461FA6A259009B21C4 /* ViewController.swift in Sources */,
				842875B11FD267310004587B /* ChatViewController.swift in Sources */,
				84F4DF861FEFB23B000855B0 /* Order_Detail.swift in Sources */,
				84BB03B21FB2A66B006FBCAF /* ModelBean.swift in Sources */,
				8408B6FC1FDAA7CA004403F4 /* Date_main.swift in Sources */,
				84B8EDFE1FE0087600E27B41 /* MineAddHospitalTableViewCell.swift in Sources */,
				84B8EE031FE0162200E27B41 /* Mine_add_hospital.swift in Sources */,
				84BB03B41FB2A673006FBCAF /* BaseAPIBean.swift in Sources */,
				84BB03C11FB2A8F2006FBCAF /* XLSlideSegmented.m in Sources */,
				84B8EDF71FDFF1E400E27B41 /* Consultation_page.swift in Sources */,
				8406475F1FA6A49D009B21C4 /* MainViewController.swift in Sources */,
				8491F30B1FDCE08B0061702C /* InfoTableViewCell.swift in Sources */,
				84BB03C21FB2A8F2006FBCAF /* XLSlideSegmentedItem.m in Sources */,
				84B8EE011FE011F700E27B41 /* AMapSearchAPI.swift in Sources */,
				84B8EDFB1FDFFCF300E27B41 /* Consultation_confirmOrder.swift in Sources */,
				8491F3121FDCF04B0061702C /* Mine_msg_main.swift in Sources */,
				8408B6FA1FDAA7CA004403F4 /* Mine_introduce_main.swift in Sources */,
				84BB03CC1FB2A9EC006FBCAF /* RegisterViewController.swift in Sources */,
				84BB03C01FB2A8F2006FBCAF /* XLSegmentedSlideSwitch.m in Sources */,
				840647631FA6A4BD009B21C4 /* Util.swift in Sources */,
				840647641FA6A4BD009B21C4 /* API.swift in Sources */,
				84B8EDF51FDFEF8A00E27B41 /* Consultation_main.swift in Sources */,
				84B8EDEA1FDFAA5700E27B41 /* ConsultationTableViewCell.swift in Sources */,
				840647441FA6A259009B21C4 /* AppDelegate.swift in Sources */,
				8491F3071FDC26DD0061702C /* MinePocketCollectionViewCell.swift in Sources */,
				8408B6FE1FDAC0A3004403F4 /* EditViewController.swift in Sources */,
				84031D151FCD4A860058D437 /* Mypatient_page.swift in Sources */,
				843E71E91FC70E4D00829CA4 /* ResetViewController.swift in Sources */,
				8491A4A21FC45B84008A7D09 /* Mine_setting.swift in Sources */,
				84031D131FCD4A2A0058D437 /* Mypatient_main.swift in Sources */,
				84B730881FD4CBD3004A36B9 /* HomeMainTableViewCell.swift in Sources */,
				298DD5671FB2E1D200BBCE14 /* Home_main.swift in Sources */,
				8408B6F71FDAA7CA004403F4 /* Mine_info_two.swift in Sources */,
				8408B6F61FDAA7CA004403F4 /* Mine_info_photo.swift in Sources */,
				8491F3101FDCE5350061702C /* Mine_pocket_two.swift in Sources */,
				8408B6F51FDAA7CA004403F4 /* Mine_info_one.swift in Sources */,
				8491F3021FDBE7A30061702C /* AddDateViewController.swift in Sources */,
				84031D111FCD44500058D437 /* MypatientTableViewCell.swift in Sources */,
				84165C1D1FC3043000F32DF5 /* tableViewController.swift in Sources */,
				8491F3001FDBBA960061702C /* SetDateCollectionViewCell.swift in Sources */,
			);
			runOnlyForDeploymentPostprocessing = 0;
		};
/* End PBXSourcesBuildPhase section */

/* Begin PBXVariantGroup section */
		840647471FA6A259009B21C4 /* Main.storyboard */ = {
			isa = PBXVariantGroup;
			children = (
				840647481FA6A259009B21C4 /* Base */,
			);
			name = Main.storyboard;
			sourceTree = "<group>";
		};
		8406474C1FA6A259009B21C4 /* LaunchScreen.storyboard */ = {
			isa = PBXVariantGroup;
			children = (
				8406474D1FA6A259009B21C4 /* Base */,
			);
			name = LaunchScreen.storyboard;
			sourceTree = "<group>";
		};
/* End PBXVariantGroup section */

/* Begin XCBuildConfiguration section */
		840647501FA6A259009B21C4 /* Debug */ = {
			isa = XCBuildConfiguration;
			buildSettings = {
				ALWAYS_SEARCH_USER_PATHS = NO;
				CLANG_ANALYZER_NONNULL = YES;
				CLANG_ANALYZER_NUMBER_OBJECT_CONVERSION = YES_AGGRESSIVE;
				CLANG_CXX_LANGUAGE_STANDARD = "gnu++14";
				CLANG_CXX_LIBRARY = "libc++";
				CLANG_ENABLE_MODULES = YES;
				CLANG_ENABLE_OBJC_ARC = YES;
				CLANG_WARN_BLOCK_CAPTURE_AUTORELEASING = YES;
				CLANG_WARN_BOOL_CONVERSION = YES;
				CLANG_WARN_COMMA = YES;
				CLANG_WARN_CONSTANT_CONVERSION = YES;
				CLANG_WARN_DIRECT_OBJC_ISA_USAGE = YES_ERROR;
				CLANG_WARN_DOCUMENTATION_COMMENTS = YES;
				CLANG_WARN_EMPTY_BODY = YES;
				CLANG_WARN_ENUM_CONVERSION = YES;
				CLANG_WARN_INFINITE_RECURSION = YES;
				CLANG_WARN_INT_CONVERSION = YES;
				CLANG_WARN_NON_LITERAL_NULL_CONVERSION = YES;
				CLANG_WARN_OBJC_LITERAL_CONVERSION = YES;
				CLANG_WARN_OBJC_ROOT_CLASS = YES_ERROR;
				CLANG_WARN_RANGE_LOOP_ANALYSIS = YES;
				CLANG_WARN_STRICT_PROTOTYPES = YES;
				CLANG_WARN_SUSPICIOUS_MOVE = YES;
				CLANG_WARN_UNGUARDED_AVAILABILITY = YES_AGGRESSIVE;
				CLANG_WARN_UNREACHABLE_CODE = YES;
				CLANG_WARN__DUPLICATE_METHOD_MATCH = YES;
				CODE_SIGN_IDENTITY = "iPhone Developer";
				COPY_PHASE_STRIP = NO;
				DEBUG_INFORMATION_FORMAT = dwarf;
				ENABLE_STRICT_OBJC_MSGSEND = YES;
				ENABLE_TESTABILITY = YES;
				GCC_C_LANGUAGE_STANDARD = gnu11;
				GCC_DYNAMIC_NO_PIC = NO;
				GCC_NO_COMMON_BLOCKS = YES;
				GCC_OPTIMIZATION_LEVEL = 0;
				GCC_PREPROCESSOR_DEFINITIONS = (
					"DEBUG=1",
					"$(inherited)",
				);
				GCC_WARN_64_TO_32_BIT_CONVERSION = YES;
				GCC_WARN_ABOUT_RETURN_TYPE = YES_ERROR;
				GCC_WARN_UNDECLARED_SELECTOR = YES;
				GCC_WARN_UNINITIALIZED_AUTOS = YES_AGGRESSIVE;
				GCC_WARN_UNUSED_FUNCTION = YES;
				GCC_WARN_UNUSED_VARIABLE = YES;
				IPHONEOS_DEPLOYMENT_TARGET = 10.0;
				MTL_ENABLE_DEBUG_INFO = YES;
				ONLY_ACTIVE_ARCH = YES;
				SDKROOT = iphoneos;
				SWIFT_ACTIVE_COMPILATION_CONDITIONS = DEBUG;
				SWIFT_OPTIMIZATION_LEVEL = "-Onone";
			};
			name = Debug;
		};
		840647511FA6A259009B21C4 /* Release */ = {
			isa = XCBuildConfiguration;
			buildSettings = {
				ALWAYS_SEARCH_USER_PATHS = NO;
				CLANG_ANALYZER_NONNULL = YES;
				CLANG_ANALYZER_NUMBER_OBJECT_CONVERSION = YES_AGGRESSIVE;
				CLANG_CXX_LANGUAGE_STANDARD = "gnu++14";
				CLANG_CXX_LIBRARY = "libc++";
				CLANG_ENABLE_MODULES = YES;
				CLANG_ENABLE_OBJC_ARC = YES;
				CLANG_WARN_BLOCK_CAPTURE_AUTORELEASING = YES;
				CLANG_WARN_BOOL_CONVERSION = YES;
				CLANG_WARN_COMMA = YES;
				CLANG_WARN_CONSTANT_CONVERSION = YES;
				CLANG_WARN_DIRECT_OBJC_ISA_USAGE = YES_ERROR;
				CLANG_WARN_DOCUMENTATION_COMMENTS = YES;
				CLANG_WARN_EMPTY_BODY = YES;
				CLANG_WARN_ENUM_CONVERSION = YES;
				CLANG_WARN_INFINITE_RECURSION = YES;
				CLANG_WARN_INT_CONVERSION = YES;
				CLANG_WARN_NON_LITERAL_NULL_CONVERSION = YES;
				CLANG_WARN_OBJC_LITERAL_CONVERSION = YES;
				CLANG_WARN_OBJC_ROOT_CLASS = YES_ERROR;
				CLANG_WARN_RANGE_LOOP_ANALYSIS = YES;
				CLANG_WARN_STRICT_PROTOTYPES = YES;
				CLANG_WARN_SUSPICIOUS_MOVE = YES;
				CLANG_WARN_UNGUARDED_AVAILABILITY = YES_AGGRESSIVE;
				CLANG_WARN_UNREACHABLE_CODE = YES;
				CLANG_WARN__DUPLICATE_METHOD_MATCH = YES;
				CODE_SIGN_IDENTITY = "iPhone Developer";
				COPY_PHASE_STRIP = NO;
				DEBUG_INFORMATION_FORMAT = "dwarf-with-dsym";
				ENABLE_NS_ASSERTIONS = NO;
				ENABLE_STRICT_OBJC_MSGSEND = YES;
				GCC_C_LANGUAGE_STANDARD = gnu11;
				GCC_NO_COMMON_BLOCKS = YES;
				GCC_WARN_64_TO_32_BIT_CONVERSION = YES;
				GCC_WARN_ABOUT_RETURN_TYPE = YES_ERROR;
				GCC_WARN_UNDECLARED_SELECTOR = YES;
				GCC_WARN_UNINITIALIZED_AUTOS = YES_AGGRESSIVE;
				GCC_WARN_UNUSED_FUNCTION = YES;
				GCC_WARN_UNUSED_VARIABLE = YES;
				IPHONEOS_DEPLOYMENT_TARGET = 10.0;
				MTL_ENABLE_DEBUG_INFO = NO;
				SDKROOT = iphoneos;
				SWIFT_OPTIMIZATION_LEVEL = "-Owholemodule";
				VALIDATE_PRODUCT = YES;
			};
			name = Release;
		};
		840647531FA6A259009B21C4 /* Debug */ = {
			isa = XCBuildConfiguration;
			baseConfigurationReference = 5B3FC993B61434C363F8356B /* Pods-速递医疗 医生端.debug.xcconfig */;
			buildSettings = {
				ASSETCATALOG_COMPILER_APPICON_NAME = AppIcon;
				CODE_SIGN_ENTITLEMENTS = "速递医疗 医生端/速递医疗 医生端.entitlements";
				"CODE_SIGN_IDENTITY[sdk=iphoneos*]" = "iPhone Developer";
				CODE_SIGN_STYLE = Automatic;
				DEVELOPMENT_TEAM = 4RH4DUFC64;
				FRAMEWORK_SEARCH_PATHS = (
					"$(inherited)",
					"$(PROJECT_DIR)/速递医疗\\ 医生端/Libs",
					"$(PROJECT_DIR)/速递医疗\\ 医生端/Libs",
				);
				INFOPLIST_FILE = "速递医疗 医生端/Info.plist";
				IPHONEOS_DEPLOYMENT_TARGET = 10.0;
				LD_RUNPATH_SEARCH_PATHS = "$(inherited) @executable_path/Frameworks";
				LIBRARY_SEARCH_PATHS = (
					"$(inherited)",
					"$(PROJECT_DIR)/速递医疗\\ 医生端/Libs/LibBPush",
				);
				PRODUCT_BUNDLE_IDENTIFIER = com.victor.DoctorClient;
				PRODUCT_NAME = "$(TARGET_NAME)";
				PROVISIONING_PROFILE_SPECIFIER = "";
				SWIFT_OBJC_BRIDGING_HEADER = "$(SRCROOT)/速递医疗 医生端/Bridging-Header.h";
				SWIFT_VERSION = 4.0;
				TARGETED_DEVICE_FAMILY = "1,2";
			};
			name = Debug;
		};
		840647541FA6A259009B21C4 /* Release */ = {
			isa = XCBuildConfiguration;
			baseConfigurationReference = FA1985612B2760BFE0B76DB1 /* Pods-速递医疗 医生端.release.xcconfig */;
			buildSettings = {
				ASSETCATALOG_COMPILER_APPICON_NAME = AppIcon;
				CODE_SIGN_ENTITLEMENTS = "速递医疗 医生端/速递医疗 医生端.entitlements";
				"CODE_SIGN_IDENTITY[sdk=iphoneos*]" = "iPhone Developer";
				CODE_SIGN_STYLE = Automatic;
				DEVELOPMENT_TEAM = 4RH4DUFC64;
				FRAMEWORK_SEARCH_PATHS = (
					"$(inherited)",
					"$(PROJECT_DIR)/速递医疗\\ 医生端/Libs",
					"$(PROJECT_DIR)/速递医疗\\ 医生端/Libs",
				);
				INFOPLIST_FILE = "速递医疗 医生端/Info.plist";
				IPHONEOS_DEPLOYMENT_TARGET = 10.0;
				LD_RUNPATH_SEARCH_PATHS = "$(inherited) @executable_path/Frameworks";
				LIBRARY_SEARCH_PATHS = (
					"$(inherited)",
					"$(PROJECT_DIR)/速递医疗\\ 医生端/Libs/LibBPush",
				);
				PRODUCT_BUNDLE_IDENTIFIER = com.victor.DoctorClient;
				PRODUCT_NAME = "$(TARGET_NAME)";
				PROVISIONING_PROFILE_SPECIFIER = "";
				SWIFT_OBJC_BRIDGING_HEADER = "$(SRCROOT)/速递医疗 医生端/Bridging-Header.h";
				SWIFT_VERSION = 4.0;
				TARGETED_DEVICE_FAMILY = "1,2";
			};
			name = Release;
		};
/* End XCBuildConfiguration section */

/* Begin XCConfigurationList section */
		8406473B1FA6A259009B21C4 /* Build configuration list for PBXProject "速递医疗 医生端" */ = {
			isa = XCConfigurationList;
			buildConfigurations = (
				840647501FA6A259009B21C4 /* Debug */,
				840647511FA6A259009B21C4 /* Release */,
			);
			defaultConfigurationIsVisible = 0;
			defaultConfigurationName = Release;
		};
		840647521FA6A259009B21C4 /* Build configuration list for PBXNativeTarget "速递医疗 医生端" */ = {
			isa = XCConfigurationList;
			buildConfigurations = (
				840647531FA6A259009B21C4 /* Debug */,
				840647541FA6A259009B21C4 /* Release */,
			);
			defaultConfigurationIsVisible = 0;
			defaultConfigurationName = Release;
		};
/* End XCConfigurationList section */
	};
	rootObject = 840647381FA6A259009B21C4 /* Project object */;
}
